<?xml version="1.0" encoding="utf-8"?>
<Project ToolsVersion="4.0" xmlns="http://schemas.microsoft.com/developer/msbuild/2003">
  <ItemGroup>
    <ClCompile Include="src\MainApp.cpp" />
    <ClCompile Include="src\Bitmap.cpp" />
    <ClCompile Include="src\Mandelbrot.cpp" />
    <ClCompile Include="src\ZoomList.cpp" />
    <ClCompile Include="src\FractalCreatorcpp.cpp" />
    <ClCompile Include="src\RGB.cpp" />
    <ClCompile Include="src\Multiple Inheritance\MultipleInheritance.cpp" />
  </ItemGroup>
  <ItemGroup>
    <ClInclude Include="include\Bitmap.h" />
    <ClInclude Include="include\BitmapFileHeader.h" />
    <ClInclude Include="include\BitmapInfoHeader.h" />
    <ClInclude Include="include\Mandelbrot.h" />
    <ClInclude Include="include\Zoom.h" />
    <ClInclude Include="include\ZoomList.h" />
    <ClInclude Include="include\FractalCreator.h" />
    <ClInclude Include="include\RGB.h" />
  </ItemGroup>
</Project>